<?xml version="1.0" encoding="utf-8"?>
<Project ToolsVersion="4.0" xmlns="http://schemas.microsoft.com/developer/msbuild/2003">
  <ItemGroup>
    <Filter Include="Scenes">
      <UniqueIdentifier>{d6424496-bbcb-4a44-ab13-29bc664837cc}</UniqueIdentifier>
    </Filter>
    <Filter Include="Objects">
      <UniqueIdentifier>{1c521dec-5f84-4508-9be5-54dab3b215f2}</UniqueIdentifier>
    </Filter>
    <Filter Include="Components">
      <UniqueIdentifier>{7ea1029e-a676-42ab-9df3-09a8b16d86f2}</UniqueIdentifier>
    </Filter>
    <Filter Include="Data">
      <UniqueIdentifier>{853cdeda-1d1c-4879-a6e7-e9d99e5fedb8}</UniqueIdentifier>
    </Filter>
  </ItemGroup>
  <ItemGroup>
    <ClCompile Include="Source\MainMenu.cpp">
      <Filter>Scenes</Filter>
    </ClCompile>
    <ClCompile Include="Source\Player.cpp">
      <Filter>Objects</Filter>
    </ClCompile>
    <ClCompile Include="Source\Bubble.cpp">
      <Filter>Objects</Filter>
    </ClCompile>
    <ClCompile Include="Source\MovementControllerComponent.cpp">
      <Filter>Components</Filter>
    </ClCompile>
    <ClCompile Include="Source\BubbleBobble.cpp" />
    <ClCompile Include="Source\LevelParser.cpp">
      <Filter>Data</Filter>
    </ClCompile>
    <ClCompile Include="Source\Level.cpp">
      <Filter>Scenes</Filter>
    </ClCompile>
    <ClCompile Include="Source\ZenChan.cpp">
      <Filter>Objects</Filter>
    </ClCompile>
  </ItemGroup>
  <ItemGroup>
    <ClInclude Include="Source\MainMenu.h">
      <Filter>Scenes</Filter>
    </ClInclude>
    <ClInclude Include="Source\Player.h">
      <Filter>Objects</Filter>
    </ClInclude>
    <ClInclude Include="Source\Bubble.h">
      <Filter>Objects</Filter>
    </ClInclude>
    <ClInclude Include="Source\MovementControllerComponent.h">
      <Filter>Components</Filter>
    </ClInclude>
    <ClInclude Include="Source\LevelParser.h">
      <Filter>Data</Filter>
    </ClInclude>
    <ClInclude Include="Source\Level.h">
      <Filter>Scenes</Filter>
    </ClInclude>
    <ClInclude Include="Source\ZenChan.h">
      <Filter>Objects</Filter>
    </ClInclude>
  </ItemGroup>
</Project>